// !$*UTF8*$!
{
	archiveVersion = 1;
	classes = {
	};
	objectVersion = 46;
	objects = {

/* Begin PBXBuildFile section */
		951613811D4D77D8002D7DA1 /* Pin+CoreDataProperties.swift in Sources */ = {isa = PBXBuildFile; fileRef = 9516137D1D4D77D8002D7DA1 /* Pin+CoreDataProperties.swift */; };
		951613821D4D77D8002D7DA1 /* Pin.swift in Sources */ = {isa = PBXBuildFile; fileRef = 9516137E1D4D77D8002D7DA1 /* Pin.swift */; };
		951613831D4D77D8002D7DA1 /* Photo+CoreDataProperties.swift in Sources */ = {isa = PBXBuildFile; fileRef = 9516137F1D4D77D8002D7DA1 /* Photo+CoreDataProperties.swift */; };
		951613841D4D77D8002D7DA1 /* Photo.swift in Sources */ = {isa = PBXBuildFile; fileRef = 951613801D4D77D8002D7DA1 /* Photo.swift */; };
		954A011C1D4A463E00641D0E /* PhotoCollectionCellViewController.swift in Sources */ = {isa = PBXBuildFile; fileRef = 954A011B1D4A463E00641D0E /* PhotoCollectionCellViewController.swift */; };
		955E3D4A1D465AE300AF07D0 /* AppDelegate.swift in Sources */ = {isa = PBXBuildFile; fileRef = 955E3D491D465AE300AF07D0 /* AppDelegate.swift */; };
		955E3D4F1D465AE400AF07D0 /* Main.storyboard in Resources */ = {isa = PBXBuildFile; fileRef = 955E3D4D1D465AE400AF07D0 /* Main.storyboard */; };
		955E3D511D465AE400AF07D0 /* Assets.xcassets in Resources */ = {isa = PBXBuildFile; fileRef = 955E3D501D465AE400AF07D0 /* Assets.xcassets */; };
		955E3D541D465AE400AF07D0 /* LaunchScreen.storyboard in Resources */ = {isa = PBXBuildFile; fileRef = 955E3D521D465AE400AF07D0 /* LaunchScreen.storyboard */; };
		955E3D5F1D465AE400AF07D0 /* virtualTouristTests.swift in Sources */ = {isa = PBXBuildFile; fileRef = 955E3D5E1D465AE400AF07D0 /* virtualTouristTests.swift */; };
		955E3D6A1D465AE400AF07D0 /* virtualTouristUITests.swift in Sources */ = {isa = PBXBuildFile; fileRef = 955E3D691D465AE400AF07D0 /* virtualTouristUITests.swift */; };
		955E3D7A1D465B9F00AF07D0 /* TravelLocationsMapView.swift in Sources */ = {isa = PBXBuildFile; fileRef = 955E3D791D465B9F00AF07D0 /* TravelLocationsMapView.swift */; };
		955E3D7C1D465BB200AF07D0 /* PhotoAlbumViewController.swift in Sources */ = {isa = PBXBuildFile; fileRef = 955E3D7B1D465BB200AF07D0 /* PhotoAlbumViewController.swift */; };
		95C08E521D47A69C00ABEE5E /* Model.xcdatamodeld in Sources */ = {isa = PBXBuildFile; fileRef = 95C08E501D47A69C00ABEE5E /* Model.xcdatamodeld */; };
		95C08E5C1D47A7B600ABEE5E /* CoreDataStack.swift in Sources */ = {isa = PBXBuildFile; fileRef = 95C08E5B1D47A7B600ABEE5E /* CoreDataStack.swift */; };
		95C08E5E1D47ACE600ABEE5E /* CoreDataTravelLocationViewController.swift in Sources */ = {isa = PBXBuildFile; fileRef = 95C08E5D1D47ACE600ABEE5E /* CoreDataTravelLocationViewController.swift */; };
		95C08E611D49794900ABEE5E /* FlickrClient.swift in Sources */ = {isa = PBXBuildFile; fileRef = 95C08E601D49794900ABEE5E /* FlickrClient.swift */; };
		95C08E631D497F6B00ABEE5E /* Constants.swift in Sources */ = {isa = PBXBuildFile; fileRef = 95C08E621D497F6B00ABEE5E /* Constants.swift */; };
/* End PBXBuildFile section */

/* Begin PBXContainerItemProxy section */
		955E3D5B1D465AE400AF07D0 /* PBXContainerItemProxy */ = {
			isa = PBXContainerItemProxy;
			containerPortal = 955E3D3E1D465AE300AF07D0 /* Project object */;
			proxyType = 1;
			remoteGlobalIDString = 955E3D451D465AE300AF07D0;
			remoteInfo = virtualTourist;
		};
		955E3D661D465AE400AF07D0 /* PBXContainerItemProxy */ = {
			isa = PBXContainerItemProxy;
			containerPortal = 955E3D3E1D465AE300AF07D0 /* Project object */;
			proxyType = 1;
			remoteGlobalIDString = 955E3D451D465AE300AF07D0;
			remoteInfo = virtualTourist;
		};
/* End PBXContainerItemProxy section */

/* Begin PBXFileReference section */
		951613741D4D7698002D7DA1 /* Model_v 4.xcdatamodel */ = {isa = PBXFileReference; lastKnownFileType = wrapper.xcdatamodel; path = "Model_v 4.xcdatamodel"; sourceTree = "<group>"; };
		9516137D1D4D77D8002D7DA1 /* Pin+CoreDataProperties.swift */ = {isa = PBXFileReference; fileEncoding = 4; lastKnownFileType = sourcecode.swift; name = "Pin+CoreDataProperties.swift"; path = "../Pin+CoreDataProperties.swift"; sourceTree = "<group>"; };
		9516137E1D4D77D8002D7DA1 /* Pin.swift */ = {isa = PBXFileReference; fileEncoding = 4; lastKnownFileType = sourcecode.swift; name = Pin.swift; path = ../Pin.swift; sourceTree = "<group>"; };
		9516137F1D4D77D8002D7DA1 /* Photo+CoreDataProperties.swift */ = {isa = PBXFileReference; fileEncoding = 4; lastKnownFileType = sourcecode.swift; name = "Photo+CoreDataProperties.swift"; path = "../Photo+CoreDataProperties.swift"; sourceTree = "<group>"; };
		951613801D4D77D8002D7DA1 /* Photo.swift */ = {isa = PBXFileReference; fileEncoding = 4; lastKnownFileType = sourcecode.swift; name = Photo.swift; path = ../Photo.swift; sourceTree = "<group>"; };
		954A011B1D4A463E00641D0E /* PhotoCollectionCellViewController.swift */ = {isa = PBXFileReference; fileEncoding = 4; lastKnownFileType = sourcecode.swift; path = PhotoCollectionCellViewController.swift; sourceTree = "<group>"; };
		955E3D461D465AE300AF07D0 /* virtualTourist.app */ = {isa = PBXFileReference; explicitFileType = wrapper.application; includeInIndex = 0; path = virtualTourist.app; sourceTree = BUILT_PRODUCTS_DIR; };
		955E3D491D465AE300AF07D0 /* AppDelegate.swift */ = {isa = PBXFileReference; lastKnownFileType = sourcecode.swift; path = AppDelegate.swift; sourceTree = "<group>"; };
		955E3D4E1D465AE400AF07D0 /* Base */ = {isa = PBXFileReference; lastKnownFileType = file.storyboard; name = Base; path = Base.lproj/Main.storyboard; sourceTree = "<group>"; };
		955E3D501D465AE400AF07D0 /* Assets.xcassets */ = {isa = PBXFileReference; lastKnownFileType = folder.assetcatalog; path = Assets.xcassets; sourceTree = "<group>"; };
		955E3D531D465AE400AF07D0 /* Base */ = {isa = PBXFileReference; lastKnownFileType = file.storyboard; name = Base; path = Base.lproj/LaunchScreen.storyboard; sourceTree = "<group>"; };
		955E3D551D465AE400AF07D0 /* Info.plist */ = {isa = PBXFileReference; lastKnownFileType = text.plist.xml; path = Info.plist; sourceTree = "<group>"; };
		955E3D5A1D465AE400AF07D0 /* virtualTouristTests.xctest */ = {isa = PBXFileReference; explicitFileType = wrapper.cfbundle; includeInIndex = 0; path = virtualTouristTests.xctest; sourceTree = BUILT_PRODUCTS_DIR; };
		955E3D5E1D465AE400AF07D0 /* virtualTouristTests.swift */ = {isa = PBXFileReference; lastKnownFileType = sourcecode.swift; path = virtualTouristTests.swift; sourceTree = "<group>"; };
		955E3D601D465AE400AF07D0 /* Info.plist */ = {isa = PBXFileReference; lastKnownFileType = text.plist.xml; path = Info.plist; sourceTree = "<group>"; };
		955E3D651D465AE400AF07D0 /* virtualTouristUITests.xctest */ = {isa = PBXFileReference; explicitFileType = wrapper.cfbundle; includeInIndex = 0; path = virtualTouristUITests.xctest; sourceTree = BUILT_PRODUCTS_DIR; };
		955E3D691D465AE400AF07D0 /* virtualTouristUITests.swift */ = {isa = PBXFileReference; lastKnownFileType = sourcecode.swift; path = virtualTouristUITests.swift; sourceTree = "<group>"; };
		955E3D6B1D465AE400AF07D0 /* Info.plist */ = {isa = PBXFileReference; lastKnownFileType = text.plist.xml; path = Info.plist; sourceTree = "<group>"; };
		955E3D791D465B9F00AF07D0 /* TravelLocationsMapView.swift */ = {isa = PBXFileReference; fileEncoding = 4; lastKnownFileType = sourcecode.swift; path = TravelLocationsMapView.swift; sourceTree = "<group>"; };
		955E3D7B1D465BB200AF07D0 /* PhotoAlbumViewController.swift */ = {isa = PBXFileReference; fileEncoding = 4; lastKnownFileType = sourcecode.swift; path = PhotoAlbumViewController.swift; sourceTree = "<group>"; };
		95C08E511D47A69C00ABEE5E /* Model.xcdatamodel */ = {isa = PBXFileReference; lastKnownFileType = wrapper.xcdatamodel; path = Model.xcdatamodel; sourceTree = "<group>"; };
		95C08E5B1D47A7B600ABEE5E /* CoreDataStack.swift */ = {isa = PBXFileReference; fileEncoding = 4; lastKnownFileType = sourcecode.swift; path = CoreDataStack.swift; sourceTree = "<group>"; };
		95C08E5D1D47ACE600ABEE5E /* CoreDataTravelLocationViewController.swift */ = {isa = PBXFileReference; fileEncoding = 4; lastKnownFileType = sourcecode.swift; path = CoreDataTravelLocationViewController.swift; sourceTree = "<group>"; };
		95C08E601D49794900ABEE5E /* FlickrClient.swift */ = {isa = PBXFileReference; fileEncoding = 4; lastKnownFileType = sourcecode.swift; path = FlickrClient.swift; sourceTree = "<group>"; };
		95C08E621D497F6B00ABEE5E /* Constants.swift */ = {isa = PBXFileReference; fileEncoding = 4; lastKnownFileType = sourcecode.swift; path = Constants.swift; sourceTree = "<group>"; };
		95FFE0621D4D069500B10CF4 /* Model_v2.xcdatamodel */ = {isa = PBXFileReference; lastKnownFileType = wrapper.xcdatamodel; path = Model_v2.xcdatamodel; sourceTree = "<group>"; };
		95FFE0811D4D4F9C00B10CF4 /* Model_v 3.xcdatamodel */ = {isa = PBXFileReference; lastKnownFileType = wrapper.xcdatamodel; path = "Model_v 3.xcdatamodel"; sourceTree = "<group>"; };
/* End PBXFileReference section */

/* Begin PBXFrameworksBuildPhase section */
		955E3D431D465AE300AF07D0 /* Frameworks */ = {
			isa = PBXFrameworksBuildPhase;
			buildActionMask = 2147483647;
			files = (
			);
			runOnlyForDeploymentPostprocessing = 0;
		};
		955E3D571D465AE400AF07D0 /* Frameworks */ = {
			isa = PBXFrameworksBuildPhase;
			buildActionMask = 2147483647;
			files = (
			);
			runOnlyForDeploymentPostprocessing = 0;
		};
		955E3D621D465AE400AF07D0 /* Frameworks */ = {
			isa = PBXFrameworksBuildPhase;
			buildActionMask = 2147483647;
			files = (
			);
			runOnlyForDeploymentPostprocessing = 0;
		};
/* End PBXFrameworksBuildPhase section */

/* Begin PBXGroup section */
		955E3D3D1D465AE300AF07D0 = {
			isa = PBXGroup;
			children = (
				955E3D481D465AE300AF07D0 /* virtualTourist */,
				955E3D5D1D465AE400AF07D0 /* virtualTouristTests */,
				955E3D681D465AE400AF07D0 /* virtualTouristUITests */,
				955E3D471D465AE300AF07D0 /* Products */,
			);
			sourceTree = "<group>";
		};
		955E3D471D465AE300AF07D0 /* Products */ = {
			isa = PBXGroup;
			children = (
				955E3D461D465AE300AF07D0 /* virtualTourist.app */,
				955E3D5A1D465AE400AF07D0 /* virtualTouristTests.xctest */,
				955E3D651D465AE400AF07D0 /* virtualTouristUITests.xctest */,
			);
			name = Products;
			sourceTree = "<group>";
		};
		955E3D481D465AE300AF07D0 /* virtualTourist */ = {
			isa = PBXGroup;
			children = (
				95C08E5F1D49793900ABEE5E /* client */,
				955E3D781D465B1500AF07D0 /* Model */,
				955E3D771D465B0B00AF07D0 /* Contoller */,
				955E3D491D465AE300AF07D0 /* AppDelegate.swift */,
				955E3D4D1D465AE400AF07D0 /* Main.storyboard */,
				955E3D501D465AE400AF07D0 /* Assets.xcassets */,
				955E3D521D465AE400AF07D0 /* LaunchScreen.storyboard */,
				955E3D551D465AE400AF07D0 /* Info.plist */,
				95C08E621D497F6B00ABEE5E /* Constants.swift */,
			);
			path = virtualTourist;
			sourceTree = "<group>";
		};
		955E3D5D1D465AE400AF07D0 /* virtualTouristTests */ = {
			isa = PBXGroup;
			children = (
				955E3D5E1D465AE400AF07D0 /* virtualTouristTests.swift */,
				955E3D601D465AE400AF07D0 /* Info.plist */,
			);
			path = virtualTouristTests;
			sourceTree = "<group>";
		};
		955E3D681D465AE400AF07D0 /* virtualTouristUITests */ = {
			isa = PBXGroup;
			children = (
				955E3D691D465AE400AF07D0 /* virtualTouristUITests.swift */,
				955E3D6B1D465AE400AF07D0 /* Info.plist */,
			);
			path = virtualTouristUITests;
			sourceTree = "<group>";
		};
		955E3D771D465B0B00AF07D0 /* Contoller */ = {
			isa = PBXGroup;
			children = (
				955E3D791D465B9F00AF07D0 /* TravelLocationsMapView.swift */,
				955E3D7B1D465BB200AF07D0 /* PhotoAlbumViewController.swift */,
				95C08E5D1D47ACE600ABEE5E /* CoreDataTravelLocationViewController.swift */,
				954A011B1D4A463E00641D0E /* PhotoCollectionCellViewController.swift */,
			);
			name = Contoller;
			sourceTree = "<group>";
		};
		955E3D781D465B1500AF07D0 /* Model */ = {
			isa = PBXGroup;
			children = (
				9516137D1D4D77D8002D7DA1 /* Pin+CoreDataProperties.swift */,
				9516137E1D4D77D8002D7DA1 /* Pin.swift */,
				9516137F1D4D77D8002D7DA1 /* Photo+CoreDataProperties.swift */,
				951613801D4D77D8002D7DA1 /* Photo.swift */,
				95C08E501D47A69C00ABEE5E /* Model.xcdatamodeld */,
				95C08E5B1D47A7B600ABEE5E /* CoreDataStack.swift */,
			);
			name = Model;
			sourceTree = "<group>";
		};
		95C08E5F1D49793900ABEE5E /* client */ = {
			isa = PBXGroup;
			children = (
				95C08E601D49794900ABEE5E /* FlickrClient.swift */,
			);
			name = client;
			sourceTree = "<group>";
		};
/* End PBXGroup section */

/* Begin PBXNativeTarget section */
		955E3D451D465AE300AF07D0 /* virtualTourist */ = {
			isa = PBXNativeTarget;
			buildConfigurationList = 955E3D6E1D465AE400AF07D0 /* Build configuration list for PBXNativeTarget "virtualTourist" */;
			buildPhases = (
				955E3D421D465AE300AF07D0 /* Sources */,
				955E3D431D465AE300AF07D0 /* Frameworks */,
				955E3D441D465AE300AF07D0 /* Resources */,
			);
			buildRules = (
			);
			dependencies = (
			);
			name = virtualTourist;
			productName = virtualTourist;
			productReference = 955E3D461D465AE300AF07D0 /* virtualTourist.app */;
			productType = "com.apple.product-type.application";
		};
		955E3D591D465AE400AF07D0 /* virtualTouristTests */ = {
			isa = PBXNativeTarget;
			buildConfigurationList = 955E3D711D465AE400AF07D0 /* Build configuration list for PBXNativeTarget "virtualTouristTests" */;
			buildPhases = (
				955E3D561D465AE400AF07D0 /* Sources */,
				955E3D571D465AE400AF07D0 /* Frameworks */,
				955E3D581D465AE400AF07D0 /* Resources */,
			);
			buildRules = (
			);
			dependencies = (
				955E3D5C1D465AE400AF07D0 /* PBXTargetDependency */,
			);
			name = virtualTouristTests;
			productName = virtualTouristTests;
			productReference = 955E3D5A1D465AE400AF07D0 /* virtualTouristTests.xctest */;
			productType = "com.apple.product-type.bundle.unit-test";
		};
		955E3D641D465AE400AF07D0 /* virtualTouristUITests */ = {
			isa = PBXNativeTarget;
			buildConfigurationList = 955E3D741D465AE400AF07D0 /* Build configuration list for PBXNativeTarget "virtualTouristUITests" */;
			buildPhases = (
				955E3D611D465AE400AF07D0 /* Sources */,
				955E3D621D465AE400AF07D0 /* Frameworks */,
				955E3D631D465AE400AF07D0 /* Resources */,
			);
			buildRules = (
			);
			dependencies = (
				955E3D671D465AE400AF07D0 /* PBXTargetDependency */,
			);
			name = virtualTouristUITests;
			productName = virtualTouristUITests;
			productReference = 955E3D651D465AE400AF07D0 /* virtualTouristUITests.xctest */;
			productType = "com.apple.product-type.bundle.ui-testing";
		};
/* End PBXNativeTarget section */

/* Begin PBXProject section */
		955E3D3E1D465AE300AF07D0 /* Project object */ = {
			isa = PBXProject;
			attributes = {
				LastSwiftUpdateCheck = 0730;
				LastUpgradeCheck = 0730;
				ORGANIZATIONNAME = "Anna Rogers";
				TargetAttributes = {
					955E3D451D465AE300AF07D0 = {
						CreatedOnToolsVersion = 7.3.1;
						DevelopmentTeam = XZGNRQX4CK;
					};
					955E3D591D465AE400AF07D0 = {
						CreatedOnToolsVersion = 7.3.1;
						DevelopmentTeam = XZGNRQX4CK;
						TestTargetID = 955E3D451D465AE300AF07D0;
					};
					955E3D641D465AE400AF07D0 = {
						CreatedOnToolsVersion = 7.3.1;
						DevelopmentTeam = XZGNRQX4CK;
						TestTargetID = 955E3D451D465AE300AF07D0;
					};
				};
			};
			buildConfigurationList = 955E3D411D465AE300AF07D0 /* Build configuration list for PBXProject "virtualTourist" */;
			compatibilityVersion = "Xcode 3.2";
			developmentRegion = English;
			hasScannedForEncodings = 0;
			knownRegions = (
				en,
				Base,
			);
			mainGroup = 955E3D3D1D465AE300AF07D0;
			productRefGroup = 955E3D471D465AE300AF07D0 /* Products */;
			projectDirPath = "";
			projectRoot = "";
			targets = (
				955E3D451D465AE300AF07D0 /* virtualTourist */,
				955E3D591D465AE400AF07D0 /* virtualTouristTests */,
				955E3D641D465AE400AF07D0 /* virtualTouristUITests */,
			);
		};
/* End PBXProject section */

/* Begin PBXResourcesBuildPhase section */
		955E3D441D465AE300AF07D0 /* Resources */ = {
			isa = PBXResourcesBuildPhase;
			buildActionMask = 2147483647;
			files = (
				955E3D541D465AE400AF07D0 /* LaunchScreen.storyboard in Resources */,
				955E3D511D465AE400AF07D0 /* Assets.xcassets in Resources */,
				955E3D4F1D465AE400AF07D0 /* Main.storyboard in Resources */,
			);
			runOnlyForDeploymentPostprocessing = 0;
		};
		955E3D581D465AE400AF07D0 /* Resources */ = {
			isa = PBXResourcesBuildPhase;
			buildActionMask = 2147483647;
			files = (
			);
			runOnlyForDeploymentPostprocessing = 0;
		};
		955E3D631D465AE400AF07D0 /* Resources */ = {
			isa = PBXResourcesBuildPhase;
			buildActionMask = 2147483647;
			files = (
			);
			runOnlyForDeploymentPostprocessing = 0;
		};
/* End PBXResourcesBuildPhase section */

/* Begin PBXSourcesBuildPhase section */
		955E3D421D465AE300AF07D0 /* Sources */ = {
			isa = PBXSourcesBuildPhase;
			buildActionMask = 2147483647;
			files = (
				951613831D4D77D8002D7DA1 /* Photo+CoreDataProperties.swift in Sources */,
				95C08E631D497F6B00ABEE5E /* Constants.swift in Sources */,
				951613811D4D77D8002D7DA1 /* Pin+CoreDataProperties.swift in Sources */,
				95C08E611D49794900ABEE5E /* FlickrClient.swift in Sources */,
				954A011C1D4A463E00641D0E /* PhotoCollectionCellViewController.swift in Sources */,
				955E3D7A1D465B9F00AF07D0 /* TravelLocationsMapView.swift in Sources */,
				951613821D4D77D8002D7DA1 /* Pin.swift in Sources */,
				951613841D4D77D8002D7DA1 /* Photo.swift in Sources */,
				95C08E521D47A69C00ABEE5E /* Model.xcdatamodeld in Sources */,
				95C08E5E1D47ACE600ABEE5E /* CoreDataTravelLocationViewController.swift in Sources */,
				955E3D4A1D465AE300AF07D0 /* AppDelegate.swift in Sources */,
				955E3D7C1D465BB200AF07D0 /* PhotoAlbumViewController.swift in Sources */,
				95C08E5C1D47A7B600ABEE5E /* CoreDataStack.swift in Sources */,
			);
			runOnlyForDeploymentPostprocessing = 0;
		};
		955E3D561D465AE400AF07D0 /* Sources */ = {
			isa = PBXSourcesBuildPhase;
			buildActionMask = 2147483647;
			files = (
				955E3D5F1D465AE400AF07D0 /* virtualTouristTests.swift in Sources */,
			);
			runOnlyForDeploymentPostprocessing = 0;
		};
		955E3D611D465AE400AF07D0 /* Sources */ = {
			isa = PBXSourcesBuildPhase;
			buildActionMask = 2147483647;
			files = (
				955E3D6A1D465AE400AF07D0 /* virtualTouristUITests.swift in Sources */,
			);
			runOnlyForDeploymentPostprocessing = 0;
		};
/* End PBXSourcesBuildPhase section */

/* Begin PBXTargetDependency section */
		955E3D5C1D465AE400AF07D0 /* PBXTargetDependency */ = {
			isa = PBXTargetDependency;
			target = 955E3D451D465AE300AF07D0 /* virtualTourist */;
			targetProxy = 955E3D5B1D465AE400AF07D0 /* PBXContainerItemProxy */;
		};
		955E3D671D465AE400AF07D0 /* PBXTargetDependency */ = {
			isa = PBXTargetDependency;
			target = 955E3D451D465AE300AF07D0 /* virtualTourist */;
			targetProxy = 955E3D661D465AE400AF07D0 /* PBXContainerItemProxy */;
		};
/* End PBXTargetDependency section */

/* Begin PBXVariantGroup section */
		955E3D4D1D465AE400AF07D0 /* Main.storyboard */ = {
			isa = PBXVariantGroup;
			children = (
				955E3D4E1D465AE400AF07D0 /* Base */,
			);
			name = Main.storyboard;
			sourceTree = "<group>";
		};
		955E3D521D465AE400AF07D0 /* LaunchScreen.storyboard */ = {
			isa = PBXVariantGroup;
			children = (
				955E3D531D465AE400AF07D0 /* Base */,
			);
			name = LaunchScreen.storyboard;
			sourceTree = "<group>";
		};
/* End PBXVariantGroup section */

/* Begin XCBuildConfiguration section */
		955E3D6C1D465AE400AF07D0 /* Debug */ = {
			isa = XCBuildConfiguration;
			buildSettings = {
				ALWAYS_SEARCH_USER_PATHS = NO;
				CLANG_ANALYZER_NONNULL = YES;
				CLANG_CXX_LANGUAGE_STANDARD = "gnu++0x";
				CLANG_CXX_LIBRARY = "libc++";
				CLANG_ENABLE_MODULES = YES;
				CLANG_ENABLE_OBJC_ARC = YES;
				CLANG_WARN_BOOL_CONVERSION = YES;
				CLANG_WARN_CONSTANT_CONVERSION = YES;
				CLANG_WARN_DIRECT_OBJC_ISA_USAGE = YES_ERROR;
				CLANG_WARN_EMPTY_BODY = YES;
				CLANG_WARN_ENUM_CONVERSION = YES;
				CLANG_WARN_INT_CONVERSION = YES;
				CLANG_WARN_OBJC_ROOT_CLASS = YES_ERROR;
				CLANG_WARN_UNREACHABLE_CODE = YES;
				CLANG_WARN__DUPLICATE_METHOD_MATCH = YES;
				"CODE_SIGN_IDENTITY[sdk=iphoneos*]" = "iPhone Developer";
				COPY_PHASE_STRIP = NO;
				DEBUG_INFORMATION_FORMAT = dwarf;
				ENABLE_STRICT_OBJC_MSGSEND = YES;
				ENABLE_TESTABILITY = YES;
				GCC_C_LANGUAGE_STANDARD = gnu99;
				GCC_DYNAMIC_NO_PIC = NO;
				GCC_NO_COMMON_BLOCKS = YES;
				GCC_OPTIMIZATION_LEVEL = 0;
				GCC_PREPROCESSOR_DEFINITIONS = (
					"DEBUG=1",
					"$(inherited)",
				);
				GCC_WARN_64_TO_32_BIT_CONVERSION = YES;
				GCC_WARN_ABOUT_RETURN_TYPE = YES_ERROR;
				GCC_WARN_UNDECLARED_SELECTOR = YES;
				GCC_WARN_UNINITIALIZED_AUTOS = YES_AGGRESSIVE;
				GCC_WARN_UNUSED_FUNCTION = YES;
				GCC_WARN_UNUSED_VARIABLE = YES;
				IPHONEOS_DEPLOYMENT_TARGET = 9.3;
				MTL_ENABLE_DEBUG_INFO = YES;
				ONLY_ACTIVE_ARCH = YES;
				SDKROOT = iphoneos;
				SWIFT_OPTIMIZATION_LEVEL = "-Onone";
			};
			name = Debug;
		};
		955E3D6D1D465AE400AF07D0 /* Release */ = {
			isa = XCBuildConfiguration;
			buildSettings = {
				ALWAYS_SEARCH_USER_PATHS = NO;
				CLANG_ANALYZER_NONNULL = YES;
				CLANG_CXX_LANGUAGE_STANDARD = "gnu++0x";
				CLANG_CXX_LIBRARY = "libc++";
				CLANG_ENABLE_MODULES = YES;
				CLANG_ENABLE_OBJC_ARC = YES;
				CLANG_WARN_BOOL_CONVERSION = YES;
				CLANG_WARN_CONSTANT_CONVERSION = YES;
				CLANG_WARN_DIRECT_OBJC_ISA_USAGE = YES_ERROR;
				CLANG_WARN_EMPTY_BODY = YES;
				CLANG_WARN_ENUM_CONVERSION = YES;
				CLANG_WARN_INT_CONVERSION = YES;
				CLANG_WARN_OBJC_ROOT_CLASS = YES_ERROR;
				CLANG_WARN_UNREACHABLE_CODE = YES;
				CLANG_WARN__DUPLICATE_METHOD_MATCH = YES;
				"CODE_SIGN_IDENTITY[sdk=iphoneos*]" = "iPhone Developer";
				COPY_PHASE_STRIP = NO;
				DEBUG_INFORMATION_FORMAT = "dwarf-with-dsym";
				ENABLE_NS_ASSERTIONS = NO;
				ENABLE_STRICT_OBJC_MSGSEND = YES;
				GCC_C_LANGUAGE_STANDARD = gnu99;
				GCC_NO_COMMON_BLOCKS = YES;
				GCC_WARN_64_TO_32_BIT_CONVERSION = YES;
				GCC_WARN_ABOUT_RETURN_TYPE = YES_ERROR;
				GCC_WARN_UNDECLARED_SELECTOR = YES;
				GCC_WARN_UNINITIALIZED_AUTOS = YES_AGGRESSIVE;
				GCC_WARN_UNUSED_FUNCTION = YES;
				GCC_WARN_UNUSED_VARIABLE = YES;
				IPHONEOS_DEPLOYMENT_TARGET = 9.3;
				MTL_ENABLE_DEBUG_INFO = NO;
				SDKROOT = iphoneos;
				VALIDATE_PRODUCT = YES;
			};
			name = Release;
		};
		955E3D6F1D465AE400AF07D0 /* Debug */ = {
			isa = XCBuildConfiguration;
			buildSettings = {
				ASSETCATALOG_COMPILER_APPICON_NAME = AppIcon;
				INFOPLIST_FILE = virtualTourist/Info.plist;
				LD_RUNPATH_SEARCH_PATHS = "$(inherited) @executable_path/Frameworks";
				PRODUCT_BUNDLE_IDENTIFIER = "udacity-course.virtualTourist";
				PRODUCT_NAME = "$(TARGET_NAME)";
			};
			name = Debug;
		};
		955E3D701D465AE400AF07D0 /* Release */ = {
			isa = XCBuildConfiguration;
			buildSettings = {
				ASSETCATALOG_COMPILER_APPICON_NAME = AppIcon;
				INFOPLIST_FILE = virtualTourist/Info.plist;
				LD_RUNPATH_SEARCH_PATHS = "$(inherited) @executable_path/Frameworks";
				PRODUCT_BUNDLE_IDENTIFIER = "udacity-course.virtualTourist";
				PRODUCT_NAME = "$(TARGET_NAME)";
			};
			name = Release;
		};
		955E3D721D465AE400AF07D0 /* Debug */ = {
			isa = XCBuildConfiguration;
			buildSettings = {
				BUNDLE_LOADER = "$(TEST_HOST)";
				INFOPLIST_FILE = virtualTouristTests/Info.plist;
				LD_RUNPATH_SEARCH_PATHS = "$(inherited) @executable_path/Frameworks @loader_path/Frameworks";
				PRODUCT_BUNDLE_IDENTIFIER = "udacity-course.virtualTouristTests";
				PRODUCT_NAME = "$(TARGET_NAME)";
				TEST_HOST = "$(BUILT_PRODUCTS_DIR)/virtualTourist.app/virtualTourist";
			};
			name = Debug;
		};
		955E3D731D465AE400AF07D0 /* Release */ = {
			isa = XCBuildConfiguration;
			buildSettings = {
				BUNDLE_LOADER = "$(TEST_HOST)";
				INFOPLIST_FILE = virtualTouristTests/Info.plist;
				LD_RUNPATH_SEARCH_PATHS = "$(inherited) @executable_path/Frameworks @loader_path/Frameworks";
				PRODUCT_BUNDLE_IDENTIFIER = "udacity-course.virtualTouristTests";
				PRODUCT_NAME = "$(TARGET_NAME)";
				TEST_HOST = "$(BUILT_PRODUCTS_DIR)/virtualTourist.app/virtualTourist";
			};
			name = Release;
		};
		955E3D751D465AE400AF07D0 /* Debug */ = {
			isa = XCBuildConfiguration;
			buildSettings = {
				INFOPLIST_FILE = virtualTouristUITests/Info.plist;
				LD_RUNPATH_SEARCH_PATHS = "$(inherited) @executable_path/Frameworks @loader_path/Frameworks";
				PRODUCT_BUNDLE_IDENTIFIER = "udacity-course.virtualTouristUITests";
				PRODUCT_NAME = "$(TARGET_NAME)";
				TEST_TARGET_NAME = virtualTourist;
			};
			name = Debug;
		};
		955E3D761D465AE400AF07D0 /* Release */ = {
			isa = XCBuildConfiguration;
			buildSettings = {
				INFOPLIST_FILE = virtualTouristUITests/Info.plist;
				LD_RUNPATH_SEARCH_PATHS = "$(inherited) @executable_path/Frameworks @loader_path/Frameworks";
				PRODUCT_BUNDLE_IDENTIFIER = "udacity-course.virtualTouristUITests";
				PRODUCT_NAME = "$(TARGET_NAME)";
				TEST_TARGET_NAME = virtualTourist;
			};
			name = Release;
		};
/* End XCBuildConfiguration section */

/* Begin XCConfigurationList section */
		955E3D411D465AE300AF07D0 /* Build configuration list for PBXProject "virtualTourist" */ = {
			isa = XCConfigurationList;
			buildConfigurations = (
				955E3D6C1D465AE400AF07D0 /* Debug */,
				955E3D6D1D465AE400AF07D0 /* Release */,
			);
			defaultConfigurationIsVisible = 0;
			defaultConfigurationName = Release;
		};
		955E3D6E1D465AE400AF07D0 /* Build configuration list for PBXNativeTarget "virtualTourist" */ = {
			isa = XCConfigurationList;
			buildConfigurations = (
				955E3D6F1D465AE400AF07D0 /* Debug */,
				955E3D701D465AE400AF07D0 /* Release */,
			);
			defaultConfigurationIsVisible = 0;
			defaultConfigurationName = Release;
		};
		955E3D711D465AE400AF07D0 /* Build configuration list for PBXNativeTarget "virtualTouristTests" */ = {
			isa = XCConfigurationList;
			buildConfigurations = (
				955E3D721D465AE400AF07D0 /* Debug */,
				955E3D731D465AE400AF07D0 /* Release */,
			);
			defaultConfigurationIsVisible = 0;
			defaultConfigurationName = Release;
		};
		955E3D741D465AE400AF07D0 /* Build configuration list for PBXNativeTarget "virtualTouristUITests" */ = {
			isa = XCConfigurationList;
			buildConfigurations = (
				955E3D751D465AE400AF07D0 /* Debug */,
				955E3D761D465AE400AF07D0 /* Release */,
			);
			defaultConfigurationIsVisible = 0;
			defaultConfigurationName = Release;
		};
/* End XCConfigurationList section */

/* Begin XCVersionGroup section */
		95C08E501D47A69C00ABEE5E /* Model.xcdatamodeld */ = {
			isa = XCVersionGroup;
			children = (
				951613741D4D7698002D7DA1 /* Model_v 4.xcdatamodel */,
				95FFE0811D4D4F9C00B10CF4 /* Model_v 3.xcdatamodel */,
				95FFE0621D4D069500B10CF4 /* Model_v2.xcdatamodel */,
				95C08E511D47A69C00ABEE5E /* Model.xcdatamodel */,
			);
			currentVersion = 951613741D4D7698002D7DA1 /* Model_v 4.xcdatamodel */;
			path = Model.xcdatamodeld;
			sourceTree = "<group>";
			versionGroupType = wrapper.xcdatamodel;
		};
/* End XCVersionGroup section */
	};
	rootObject = 955E3D3E1D465AE300AF07D0 /* Project object */;
}
